
Microsoft Visual Studio Solution File, Format Version 12.00
# Visual Studio Version 17
VisualStudioVersion = 17.12.35527.113
MinimumVisualStudioVersion = 10.0.40219.1
Project("{FAE04EC0-301F-11D3-BF4B-00C04F79EFBC}") = "Backend.Poker", "Backend.Poker\Backend.Poker.csproj", "{E540CD6E-35F4-4C8B-9042-D7C5932073F4}"
EndProject
Project("{FAE04EC0-301F-11D3-BF4B-00C04F79EFBC}") = "Backend.Poker.Domain", "Backend.Poker.Domain\Backend.Poker.Domain.csproj", "{A4BDCC54-B4B3-41D5-9D4D-198D6FF1D190}"
EndProject
Project("{FAE04EC0-301F-11D3-BF4B-00C04F79EFBC}") = "Backend.Poker.Application", "Backend.Poker.Application\Backend.Poker.Application.csproj", "{3E29AEC1-5B6B-465A-97AD-5C2D3EFE2516}"
EndProject
Project("{FAE04EC0-301F-11D3-BF4B-00C04F79EFBC}") = "Backend.Poker.Infrastructure", "Backend.Poker.Infrastructure\Backend.Poker.Infrastructure.csproj", "{0405AB21-CAD8-4B30-8D5E-3B82D5599266}"
EndProject
Project("{FAE04EC0-301F-11D3-BF4B-00C04F79EFBC}") = "Frontend.WebAssembly.Poker", "Frontend.WebAssembly.Poker\Frontend.WebAssembly.Poker.csproj", "{9EAE31C3-4B64-487F-ACD5-3F8300AC7F6D}"
EndProject
Project("{FAE04EC0-301F-11D3-BF4B-00C04F79EFBC}") = "Backend.Poker.Shared", "Backend.Poker.Shared\Backend.Poker.Shared.csproj", "{98EC376A-0980-40C5-94B3-A3D41EDCDB98}"
EndProject
Global
	GlobalSection(SolutionConfigurationPlatforms) = preSolution
		Debug|Any CPU = Debug|Any CPU
		Release|Any CPU = Release|Any CPU
	EndGlobalSection
	GlobalSection(ProjectConfigurationPlatforms) = postSolution
		{E540CD6E-35F4-4C8B-9042-D7C5932073F4}.Debug|Any CPU.ActiveCfg = Debug|Any CPU
		{E540CD6E-35F4-4C8B-9042-D7C5932073F4}.Debug|Any CPU.Build.0 = Debug|Any CPU
		{E540CD6E-35F4-4C8B-9042-D7C5932073F4}.Release|Any CPU.ActiveCfg = Release|Any CPU
		{E540CD6E-35F4-4C8B-9042-D7C5932073F4}.Release|Any CPU.Build.0 = Release|Any CPU
		{A4BDCC54-B4B3-41D5-9D4D-198D6FF1D190}.Debug|Any CPU.ActiveCfg = Debug|Any CPU
		{A4BDCC54-B4B3-41D5-9D4D-198D6FF1D190}.Debug|Any CPU.Build.0 = Debug|Any CPU
		{A4BDCC54-B4B3-41D5-9D4D-198D6FF1D190}.Release|Any CPU.ActiveCfg = Release|Any CPU
		{A4BDCC54-B4B3-41D5-9D4D-198D6FF1D190}.Release|Any CPU.Build.0 = Release|Any CPU
		{3E29AEC1-5B6B-465A-97AD-5C2D3EFE2516}.Debug|Any CPU.ActiveCfg = Debug|Any CPU
		{3E29AEC1-5B6B-465A-97AD-5C2D3EFE2516}.Debug|Any CPU.Build.0 = Debug|Any CPU
		{3E29AEC1-5B6B-465A-97AD-5C2D3EFE2516}.Release|Any CPU.ActiveCfg = Release|Any CPU
		{3E29AEC1-5B6B-465A-97AD-5C2D3EFE2516}.Release|Any CPU.Build.0 = Release|Any CPU
		{0405AB21-CAD8-4B30-8D5E-3B82D5599266}.Debug|Any CPU.ActiveCfg = Debug|Any CPU
		{0405AB21-CAD8-4B30-8D5E-3B82D5599266}.Debug|Any CPU.Build.0 = Debug|Any CPU
		{0405AB21-CAD8-4B30-8D5E-3B82D5599266}.Release|Any CPU.ActiveCfg = Release|Any CPU
		{0405AB21-CAD8-4B30-8D5E-3B82D5599266}.Release|Any CPU.Build.0 = Release|Any CPU
		{9EAE31C3-4B64-487F-ACD5-3F8300AC7F6D}.Debug|Any CPU.ActiveCfg = Debug|Any CPU
		{9EAE31C3-4B64-487F-ACD5-3F8300AC7F6D}.Debug|Any CPU.Build.0 = Debug|Any CPU
		{9EAE31C3-4B64-487F-ACD5-3F8300AC7F6D}.Release|Any CPU.ActiveCfg = Release|Any CPU
		{9EAE31C3-4B64-487F-ACD5-3F8300AC7F6D}.Release|Any CPU.Build.0 = Release|Any CPU
		{98EC376A-0980-40C5-94B3-A3D41EDCDB98}.Debug|Any CPU.ActiveCfg = Debug|Any CPU
		{98EC376A-0980-40C5-94B3-A3D41EDCDB98}.Debug|Any CPU.Build.0 = Debug|Any CPU
		{98EC376A-0980-40C5-94B3-A3D41EDCDB98}.Release|Any CPU.ActiveCfg = Release|Any CPU
		{98EC376A-0980-40C5-94B3-A3D41EDCDB98}.Release|Any CPU.Build.0 = Release|Any CPU
	EndGlobalSection
	GlobalSection(SolutionProperties) = preSolution
		HideSolutionNode = FALSE
	EndGlobalSection
	GlobalSection(ExtensibilityGlobals) = postSolution
		SolutionGuid = {A551D97F-173E-48C6-A430-276736051053}
	EndGlobalSection
EndGlobal
